
Microsoft Visual Studio Solution File, Format Version 12.00
# Visual Studio Version 16
VisualStudioVersion = 16.0.30225.117
MinimumVisualStudioVersion = 10.0.40219.1
Project("{FAE04EC0-301F-11D3-BF4B-00C04F79EFBC}") = "LiquidSwipe", "LiquidSwipe\LiquidSwipe.csproj", "{A7BFC23D-04EB-47D8-8434-5CF81D0626BC}"
EndProject
Global
	GlobalSection(SolutionConfigurationPlatforms) = preSolution
		Debug|ARM = Debug|ARM
		Debug|ARM64 = Debug|ARM64
		Debug|x64 = Debug|x64
		Debug|x86 = Debug|x86
		Release|ARM = Release|ARM
		Release|ARM64 = Release|ARM64
		Release|x64 = Release|x64
		Release|x86 = Release|x86
	EndGlobalSection
	GlobalSection(ProjectConfigurationPlatforms) = postSolution
		{A7BFC23D-04EB-47D8-8434-5CF81D0626BC}.Debug|ARM.ActiveCfg = Debug|ARM
		{A7BFC23D-04EB-47D8-8434-5CF81D0626BC}.Debug|ARM.Build.0 = Debug|ARM
		{A7BFC23D-04EB-47D8-8434-5CF81D0626BC}.Debug|ARM.Deploy.0 = Debug|ARM
		{A7BFC23D-04EB-47D8-8434-5CF81D0626BC}.Debug|ARM64.ActiveCfg = Debug|ARM64
		{A7BFC23D-04EB-47D8-8434-5CF81D0626BC}.Debug|ARM64.Build.0 = Debug|ARM64
		{A7BFC23D-04EB-47D8-8434-5CF81D0626BC}.Debug|ARM64.Deploy.0 = Debug|ARM64
		{A7BFC23D-04EB-47D8-8434-5CF81D0626BC}.Debug|x64.ActiveCfg = Debug|x64
		{A7BFC23D-04EB-47D8-8434-5CF81D0626BC}.Debug|x64.Build.0 = Debug|x64
		{A7BFC23D-04EB-47D8-8434-5CF81D0626BC}.Debug|x64.Deploy.0 = Debug|x64
		{A7BFC23D-04EB-47D8-8434-5CF81D0626BC}.Debug|x86.ActiveCfg = Debug|x86
		{A7BFC23D-04EB-47D8-8434-5CF81D0626BC}.Debug|x86.Build.0 = Debug|x86
		{A7BFC23D-04EB-47D8-8434-5CF81D0626BC}.Debug|x86.Deploy.0 = Debug|x86
		{A7BFC23D-04EB-47D8-8434-5CF81D0626BC}.Release|ARM.ActiveCfg = Release|ARM
		{A7BFC23D-04EB-47D8-8434-5CF81D0626BC}.Release|ARM.Build.0 = Release|ARM
		{A7BFC23D-04EB-47D8-8434-5CF81D0626BC}.Release|ARM.Deploy.0 = Release|ARM
		{A7BFC23D-04EB-47D8-8434-5CF81D0626BC}.Release|ARM64.ActiveCfg = Release|ARM64
		{A7BFC23D-04EB-47D8-8434-5CF81D0626BC}.Release|ARM64.Build.0 = Release|ARM64
		{A7BFC23D-04EB-47D8-8434-5CF81D0626BC}.Release|ARM64.Deploy.0 = Release|ARM64
		{A7BFC23D-04EB-47D8-8434-5CF81D0626BC}.Release|x64.ActiveCfg = Release|x64
		{A7BFC23D-04EB-47D8-8434-5CF81D0626BC}.Release|x64.Build.0 = Release|x64
		{A7BFC23D-04EB-47D8-8434-5CF81D0626BC}.Release|x64.Deploy.0 = Release|x64
		{A7BFC23D-04EB-47D8-8434-5CF81D0626BC}.Release|x86.ActiveCfg = Release|x86
		{A7BFC23D-04EB-47D8-8434-5CF81D0626BC}.Release|x86.Build.0 = Release|x86
		{A7BFC23D-04EB-47D8-8434-5CF81D0626BC}.Release|x86.Deploy.0 = Release|x86
	EndGlobalSection
	GlobalSection(SolutionProperties) = preSolution
		HideSolutionNode = FALSE
	EndGlobalSection
	GlobalSection(ExtensibilityGlobals) = postSolution
		SolutionGuid = {0377B538-4B1A-414A-8887-310BEE71FE82}
	EndGlobalSection
EndGlobal
